
Microsoft Visual Studio Solution File, Format Version 12.00
# Visual Studio 15
VisualStudioVersion = 15.0.28307.779
MinimumVisualStudioVersion = 10.0.40219.1
Project("{FAE04EC0-301F-11D3-BF4B-00C04F79EFBC}") = "Project_1", "Project_1\Project_1.csproj", "{4F578E90-850E-4A8A-9A9E-56A75E88A454}"
EndProject
Global
	GlobalSection(SolutionConfigurationPlatforms) = preSolution
		Debug|Any CPU = Debug|Any CPU
		Release|Any CPU = Release|Any CPU
	EndGlobalSection
	GlobalSection(ProjectConfigurationPlatforms) = postSolution
		{4F578E90-850E-4A8A-9A9E-56A75E88A454}.Debug|Any CPU.ActiveCfg = Debug|Any CPU
		{4F578E90-850E-4A8A-9A9E-56A75E88A454}.Debug|Any CPU.Build.0 = Debug|Any CPU
		{4F578E90-850E-4A8A-9A9E-56A75E88A454}.Release|Any CPU.ActiveCfg = Release|Any CPU
		{4F578E90-850E-4A8A-9A9E-56A75E88A454}.Release|Any CPU.Build.0 = Release|Any CPU
	EndGlobalSection
	GlobalSection(SolutionProperties) = preSolution
		HideSolutionNode = FALSE
	EndGlobalSection
	GlobalSection(ExtensibilityGlobals) = postSolution
		SolutionGuid = {65123DEE-E120-4F01-8951-3A11CEC6824D}
	EndGlobalSection
EndGlobal
