
Microsoft Visual Studio Solution File, Format Version 12.00
# Visual Studio 15
VisualStudioVersion = 15.0.28307.779
MinimumVisualStudioVersion = 10.0.40219.1
Project("{FAE04EC0-301F-11D3-BF4B-00C04F79EFBC}") = "Project_5", "Project_5\Project_5.csproj", "{4F594C92-1AE7-419C-9461-2686520B7A83}"
EndProject
Global
	GlobalSection(SolutionConfigurationPlatforms) = preSolution
		Debug|Any CPU = Debug|Any CPU
		Release|Any CPU = Release|Any CPU
	EndGlobalSection
	GlobalSection(ProjectConfigurationPlatforms) = postSolution
		{4F594C92-1AE7-419C-9461-2686520B7A83}.Debug|Any CPU.ActiveCfg = Debug|Any CPU
		{4F594C92-1AE7-419C-9461-2686520B7A83}.Debug|Any CPU.Build.0 = Debug|Any CPU
		{4F594C92-1AE7-419C-9461-2686520B7A83}.Release|Any CPU.ActiveCfg = Release|Any CPU
		{4F594C92-1AE7-419C-9461-2686520B7A83}.Release|Any CPU.Build.0 = Release|Any CPU
	EndGlobalSection
	GlobalSection(SolutionProperties) = preSolution
		HideSolutionNode = FALSE
	EndGlobalSection
	GlobalSection(ExtensibilityGlobals) = postSolution
		SolutionGuid = {6F99DC8C-0A34-469F-BD3E-7D63461737A5}
	EndGlobalSection
EndGlobal
